// !$*UTF8*$!
{
	archiveVersion = 1;
	classes = {
	};
	objectVersion = 56;
	objects = {

/* Begin PBXBuildFile section */
		FAE4C4C228DF6CA100AEE43F /* AppDelegate.swift in Sources */ = {isa = PBXBuildFile; fileRef = FAE4C4C128DF6CA100AEE43F /* AppDelegate.swift */; };
		FAE4C4C428DF6CA100AEE43F /* SceneDelegate.swift in Sources */ = {isa = PBXBuildFile; fileRef = FAE4C4C328DF6CA100AEE43F /* SceneDelegate.swift */; };
		FAE4C4C628DF6CA100AEE43F /* ViewController.swift in Sources */ = {isa = PBXBuildFile; fileRef = FAE4C4C528DF6CA100AEE43F /* ViewController.swift */; };
		FAE4C4C928DF6CA100AEE43F /* Main.storyboard in Resources */ = {isa = PBXBuildFile; fileRef = FAE4C4C728DF6CA100AEE43F /* Main.storyboard */; };
		FAE4C4CB28DF6CA400AEE43F /* Assets.xcassets in Resources */ = {isa = PBXBuildFile; fileRef = FAE4C4CA28DF6CA400AEE43F /* Assets.xcassets */; };
		FAE4C4CE28DF6CA400AEE43F /* LaunchScreen.storyboard in Resources */ = {isa = PBXBuildFile; fileRef = FAE4C4CC28DF6CA400AEE43F /* LaunchScreen.storyboard */; };
		FAE4C4DA28DF6D1600AEE43F /* Story.swift in Sources */ = {isa = PBXBuildFile; fileRef = FAE4C4D928DF6D1600AEE43F /* Story.swift */; };
		FAE4C4DC28DF6D2000AEE43F /* StoryBrain.swift in Sources */ = {isa = PBXBuildFile; fileRef = FAE4C4DB28DF6D2000AEE43F /* StoryBrain.swift */; };
/* End PBXBuildFile section */

/* Begin PBXFileReference section */
		FAE4C4BE28DF6CA100AEE43F /* Destini.app */ = {isa = PBXFileReference; explicitFileType = wrapper.application; includeInIndex = 0; path = Destini.app; sourceTree = BUILT_PRODUCTS_DIR; };
		FAE4C4C128DF6CA100AEE43F /* AppDelegate.swift */ = {isa = PBXFileReference; lastKnownFileType = sourcecode.swift; path = AppDelegate.swift; sourceTree = "<group>"; };
		FAE4C4C328DF6CA100AEE43F /* SceneDelegate.swift */ = {isa = PBXFileReference; lastKnownFileType = sourcecode.swift; path = SceneDelegate.swift; sourceTree = "<group>"; };
		FAE4C4C528DF6CA100AEE43F /* ViewController.swift */ = {isa = PBXFileReference; lastKnownFileType = sourcecode.swift; path = ViewController.swift; sourceTree = "<group>"; };
		FAE4C4C828DF6CA100AEE43F /* Base */ = {isa = PBXFileReference; lastKnownFileType = file.storyboard; name = Base; path = Base.lproj/Main.storyboard; sourceTree = "<group>"; };
		FAE4C4CA28DF6CA400AEE43F /* Assets.xcassets */ = {isa = PBXFileReference; lastKnownFileType = folder.assetcatalog; path = Assets.xcassets; sourceTree = "<group>"; };
		FAE4C4CD28DF6CA400AEE43F /* Base */ = {isa = PBXFileReference; lastKnownFileType = file.storyboard; name = Base; path = Base.lproj/LaunchScreen.storyboard; sourceTree = "<group>"; };
		FAE4C4CF28DF6CA400AEE43F /* Info.plist */ = {isa = PBXFileReference; lastKnownFileType = text.plist.xml; path = Info.plist; sourceTree = "<group>"; };
		FAE4C4D928DF6D1600AEE43F /* Story.swift */ = {isa = PBXFileReference; lastKnownFileType = sourcecode.swift; path = Story.swift; sourceTree = "<group>"; };
		FAE4C4DB28DF6D2000AEE43F /* StoryBrain.swift */ = {isa = PBXFileReference; lastKnownFileType = sourcecode.swift; path = StoryBrain.swift; sourceTree = "<group>"; };
/* End PBXFileReference section */

/* Begin PBXFrameworksBuildPhase section */
		FAE4C4BB28DF6CA100AEE43F /* Frameworks */ = {
			isa = PBXFrameworksBuildPhase;
			buildActionMask = 2147483647;
			files = (
			);
			runOnlyForDeploymentPostprocessing = 0;
		};
/* End PBXFrameworksBuildPhase section */

/* Begin PBXGroup section */
		FAE4C4B528DF6CA100AEE43F = {
			isa = PBXGroup;
			children = (
				FAE4C4C028DF6CA100AEE43F /* Destini */,
				FAE4C4BF28DF6CA100AEE43F /* Products */,
			);
			sourceTree = "<group>";
		};
		FAE4C4BF28DF6CA100AEE43F /* Products */ = {
			isa = PBXGroup;
			children = (
				FAE4C4BE28DF6CA100AEE43F /* Destini.app */,
			);
			name = Products;
			sourceTree = "<group>";
		};
		FAE4C4C028DF6CA100AEE43F /* Destini */ = {
			isa = PBXGroup;
			children = (
				FAE4C4C128DF6CA100AEE43F /* AppDelegate.swift */,
				FAE4C4D528DF6CCD00AEE43F /* Model */,
				FAE4C4D628DF6CD400AEE43F /* View */,
				FAE4C4D728DF6CDA00AEE43F /* Controller */,
				FAE4C4C328DF6CA100AEE43F /* SceneDelegate.swift */,
				FAE4C4CA28DF6CA400AEE43F /* Assets.xcassets */,
				FAE4C4CC28DF6CA400AEE43F /* LaunchScreen.storyboard */,
				FAE4C4CF28DF6CA400AEE43F /* Info.plist */,
			);
			path = Destini;
			sourceTree = "<group>";
		};
		FAE4C4D528DF6CCD00AEE43F /* Model */ = {
			isa = PBXGroup;
			children = (
				FAE4C4D928DF6D1600AEE43F /* Story.swift */,
				FAE4C4DB28DF6D2000AEE43F /* StoryBrain.swift */,
			);
			path = Model;
			sourceTree = "<group>";
		};
		FAE4C4D628DF6CD400AEE43F /* View */ = {
			isa = PBXGroup;
			children = (
				FAE4C4C728DF6CA100AEE43F /* Main.storyboard */,
			);
			path = View;
			sourceTree = "<group>";
		};
		FAE4C4D728DF6CDA00AEE43F /* Controller */ = {
			isa = PBXGroup;
			children = (
				FAE4C4C528DF6CA100AEE43F /* ViewController.swift */,
			);
			path = Controller;
			sourceTree = "<group>";
		};
/* End PBXGroup section */

/* Begin PBXNativeTarget section */
		FAE4C4BD28DF6CA100AEE43F /* Destini */ = {
			isa = PBXNativeTarget;
			buildConfigurationList = FAE4C4D228DF6CA400AEE43F /* Build configuration list for PBXNativeTarget "Destini" */;
			buildPhases = (
				FAE4C4BA28DF6CA100AEE43F /* Sources */,
				FAE4C4BB28DF6CA100AEE43F /* Frameworks */,
				FAE4C4BC28DF6CA100AEE43F /* Resources */,
			);
			buildRules = (
			);
			dependencies = (
			);
			name = Destini;
			productName = Destini;
			productReference = FAE4C4BE28DF6CA100AEE43F /* Destini.app */;
			productType = "com.apple.product-type.application";
		};
/* End PBXNativeTarget section */

/* Begin PBXProject section */
		FAE4C4B628DF6CA100AEE43F /* Project object */ = {
			isa = PBXProject;
			attributes = {
				BuildIndependentTargetsInParallel = 1;
				LastSwiftUpdateCheck = 1400;
				LastUpgradeCheck = 1400;
				TargetAttributes = {
					FAE4C4BD28DF6CA100AEE43F = {
						CreatedOnToolsVersion = 14.0;
					};
				};
			};
			buildConfigurationList = FAE4C4B928DF6CA100AEE43F /* Build configuration list for PBXProject "Destini" */;
			compatibilityVersion = "Xcode 14.0";
			developmentRegion = en;
			hasScannedForEncodings = 0;
			knownRegions = (
				en,
				Base,
			);
			mainGroup = FAE4C4B528DF6CA100AEE43F;
			productRefGroup = FAE4C4BF28DF6CA100AEE43F /* Products */;
			projectDirPath = "";
			projectRoot = "";
			targets = (
				FAE4C4BD28DF6CA100AEE43F /* Destini */,
			);
		};
/* End PBXProject section */

/* Begin PBXResourcesBuildPhase section */
		FAE4C4BC28DF6CA100AEE43F /* Resources */ = {
			isa = PBXResourcesBuildPhase;
			buildActionMask = 2147483647;
			files = (
				FAE4C4CE28DF6CA400AEE43F /* LaunchScreen.storyboard in Resources */,
				FAE4C4CB28DF6CA400AEE43F /* Assets.xcassets in Resources */,
				FAE4C4C928DF6CA100AEE43F /* Main.storyboard in Resources */,
			);
			runOnlyForDeploymentPostprocessing = 0;
		};
/* End PBXResourcesBuildPhase section */

/* Begin PBXSourcesBuildPhase section */
		FAE4C4BA28DF6CA100AEE43F /* Sources */ = {
			isa = PBXSourcesBuildPhase;
			buildActionMask = 2147483647;
			files = (
				FAE4C4DC28DF6D2000AEE43F /* StoryBrain.swift in Sources */,
				FAE4C4C628DF6CA100AEE43F /* ViewController.swift in Sources */,
				FAE4C4C228DF6CA100AEE43F /* AppDelegate.swift in Sources */,
				FAE4C4C428DF6CA100AEE43F /* SceneDelegate.swift in Sources */,
				FAE4C4DA28DF6D1600AEE43F /* Story.swift in Sources */,
			);
			runOnlyForDeploymentPostprocessing = 0;
		};
/* End PBXSourcesBuildPhase section */

/* Begin PBXVariantGroup section */
		FAE4C4C728DF6CA100AEE43F /* Main.storyboard */ = {
			isa = PBXVariantGroup;
			children = (
				FAE4C4C828DF6CA100AEE43F /* Base */,
			);
			name = Main.storyboard;
			sourceTree = "<group>";
		};
		FAE4C4CC28DF6CA400AEE43F /* LaunchScreen.storyboard */ = {
			isa = PBXVariantGroup;
			children = (
				FAE4C4CD28DF6CA400AEE43F /* Base */,
			);
			name = LaunchScreen.storyboard;
			sourceTree = "<group>";
		};
/* End PBXVariantGroup section */

/* Begin XCBuildConfiguration section */
		FAE4C4D028DF6CA400AEE43F /* Debug */ = {
			isa = XCBuildConfiguration;
			buildSettings = {
				ALWAYS_SEARCH_USER_PATHS = NO;
				CLANG_ANALYZER_NONNULL = YES;
				CLANG_ANALYZER_NUMBER_OBJECT_CONVERSION = YES_AGGRESSIVE;
				CLANG_CXX_LANGUAGE_STANDARD = "gnu++20";
				CLANG_ENABLE_MODULES = YES;
				CLANG_ENABLE_OBJC_ARC = YES;
				CLANG_ENABLE_OBJC_WEAK = YES;
				CLANG_WARN_BLOCK_CAPTURE_AUTORELEASING = YES;
				CLANG_WARN_BOOL_CONVERSION = YES;
				CLANG_WARN_COMMA = YES;
				CLANG_WARN_CONSTANT_CONVERSION = YES;
				CLANG_WARN_DEPRECATED_OBJC_IMPLEMENTATIONS = YES;
				CLANG_WARN_DIRECT_OBJC_ISA_USAGE = YES_ERROR;
				CLANG_WARN_DOCUMENTATION_COMMENTS = YES;
				CLANG_WARN_EMPTY_BODY = YES;
				CLANG_WARN_ENUM_CONVERSION = YES;
				CLANG_WARN_INFINITE_RECURSION = YES;
				CLANG_WARN_INT_CONVERSION = YES;
				CLANG_WARN_NON_LITERAL_NULL_CONVERSION = YES;
				CLANG_WARN_OBJC_IMPLICIT_RETAIN_SELF = YES;
				CLANG_WARN_OBJC_LITERAL_CONVERSION = YES;
				CLANG_WARN_OBJC_ROOT_CLASS = YES_ERROR;
				CLANG_WARN_QUOTED_INCLUDE_IN_FRAMEWORK_HEADER = YES;
				CLANG_WARN_RANGE_LOOP_ANALYSIS = YES;
				CLANG_WARN_STRICT_PROTOTYPES = YES;
				CLANG_WARN_SUSPICIOUS_MOVE = YES;
				CLANG_WARN_UNGUARDED_AVAILABILITY = YES_AGGRESSIVE;
				CLANG_WARN_UNREACHABLE_CODE = YES;
				CLANG_WARN__DUPLICATE_METHOD_MATCH = YES;
				COPY_PHASE_STRIP = NO;
				DEBUG_INFORMATION_FORMAT = dwarf;
				ENABLE_STRICT_OBJC_MSGSEND = YES;
				ENABLE_TESTABILITY = YES;
				GCC_C_LANGUAGE_STANDARD = gnu11;
				GCC_DYNAMIC_NO_PIC = NO;
				GCC_NO_COMMON_BLOCKS = YES;
				GCC_OPTIMIZATION_LEVEL = 0;
				GCC_PREPROCESSOR_DEFINITIONS = (
					"DEBUG=1",
					"$(inherited)",
				);
				GCC_WARN_64_TO_32_BIT_CONVERSION = YES;
				GCC_WARN_ABOUT_RETURN_TYPE = YES_ERROR;
				GCC_WARN_UNDECLARED_SELECTOR = YES;
				GCC_WARN_UNINITIALIZED_AUTOS = YES_AGGRESSIVE;
				GCC_WARN_UNUSED_FUNCTION = YES;
				GCC_WARN_UNUSED_VARIABLE = YES;
				IPHONEOS_DEPLOYMENT_TARGET = 16.0;
				MTL_ENABLE_DEBUG_INFO = INCLUDE_SOURCE;
				MTL_FAST_MATH = YES;
				ONLY_ACTIVE_ARCH = YES;
				SDKROOT = iphoneos;
				SWIFT_ACTIVE_COMPILATION_CONDITIONS = DEBUG;
				SWIFT_OPTIMIZATION_LEVEL = "-Onone";
			};
			name = Debug;
		};
		FAE4C4D128DF6CA400AEE43F /* Release */ = {
			isa = XCBuildConfiguration;
			buildSettings = {
				ALWAYS_SEARCH_USER_PATHS = NO;
				CLANG_ANALYZER_NONNULL = YES;
				CLANG_ANALYZER_NUMBER_OBJECT_CONVERSION = YES_AGGRESSIVE;
				CLANG_CXX_LANGUAGE_STANDARD = "gnu++20";
				CLANG_ENABLE_MODULES = YES;
				CLANG_ENABLE_OBJC_ARC = YES;
				CLANG_ENABLE_OBJC_WEAK = YES;
				CLANG_WARN_BLOCK_CAPTURE_AUTORELEASING = YES;
				CLANG_WARN_BOOL_CONVERSION = YES;
				CLANG_WARN_COMMA = YES;
				CLANG_WARN_CONSTANT_CONVERSION = YES;
				CLANG_WARN_DEPRECATED_OBJC_IMPLEMENTATIONS = YES;
				CLANG_WARN_DIRECT_OBJC_ISA_USAGE = YES_ERROR;
				CLANG_WARN_DOCUMENTATION_COMMENTS = YES;
				CLANG_WARN_EMPTY_BODY = YES;
				CLANG_WARN_ENUM_CONVERSION = YES;
				CLANG_WARN_INFINITE_RECURSION = YES;
				CLANG_WARN_INT_CONVERSION = YES;
				CLANG_WARN_NON_LITERAL_NULL_CONVERSION = YES;
				CLANG_WARN_OBJC_IMPLICIT_RETAIN_SELF = YES;
				CLANG_WARN_OBJC_LITERAL_CONVERSION = YES;
				CLANG_WARN_OBJC_ROOT_CLASS = YES_ERROR;
				CLANG_WARN_QUOTED_INCLUDE_IN_FRAMEWORK_HEADER = YES;
				CLANG_WARN_RANGE_LOOP_ANALYSIS = YES;
				CLANG_WARN_STRICT_PROTOTYPES = YES;
				CLANG_WARN_SUSPICIOUS_MOVE = YES;
				CLANG_WARN_UNGUARDED_AVAILABILITY = YES_AGGRESSIVE;
				CLANG_WARN_UNREACHABLE_CODE = YES;
				CLANG_WARN__DUPLICATE_METHOD_MATCH = YES;
				COPY_PHASE_STRIP = NO;
				DEBUG_INFORMATION_FORMAT = "dwarf-with-dsym";
				ENABLE_NS_ASSERTIONS = NO;
				ENABLE_STRICT_OBJC_MSGSEND = YES;
				GCC_C_LANGUAGE_STANDARD = gnu11;
				GCC_NO_COMMON_BLOCKS = YES;
				GCC_WARN_64_TO_32_BIT_CONVERSION = YES;
				GCC_WARN_ABOUT_RETURN_TYPE = YES_ERROR;
				GCC_WARN_UNDECLARED_SELECTOR = YES;
				GCC_WARN_UNINITIALIZED_AUTOS = YES_AGGRESSIVE;
				GCC_WARN_UNUSED_FUNCTION = YES;
				GCC_WARN_UNUSED_VARIABLE = YES;
				IPHONEOS_DEPLOYMENT_TARGET = 16.0;
				MTL_ENABLE_DEBUG_INFO = NO;
				MTL_FAST_MATH = YES;
				SDKROOT = iphoneos;
				SWIFT_COMPILATION_MODE = wholemodule;
				SWIFT_OPTIMIZATION_LEVEL = "-O";
				VALIDATE_PRODUCT = YES;
			};
			name = Release;
		};
		FAE4C4D328DF6CA400AEE43F /* Debug */ = {
			isa = XCBuildConfiguration;
			buildSettings = {
				ASSETCATALOG_COMPILER_APPICON_NAME = AppIcon;
				ASSETCATALOG_COMPILER_GLOBAL_ACCENT_COLOR_NAME = AccentColor;
				CODE_SIGN_STYLE = Automatic;
				CURRENT_PROJECT_VERSION = 1;
				GENERATE_INFOPLIST_FILE = YES;
				INFOPLIST_FILE = Destini/Info.plist;
				INFOPLIST_KEY_UIApplicationSupportsIndirectInputEvents = YES;
				INFOPLIST_KEY_UILaunchStoryboardName = LaunchScreen;
				INFOPLIST_KEY_UIMainStoryboardFile = Main;
				INFOPLIST_KEY_UISupportedInterfaceOrientations_iPad = "UIInterfaceOrientationPortrait UIInterfaceOrientationPortraitUpsideDown UIInterfaceOrientationLandscapeLeft UIInterfaceOrientationLandscapeRight";
				INFOPLIST_KEY_UISupportedInterfaceOrientations_iPhone = "UIInterfaceOrientationPortrait UIInterfaceOrientationLandscapeLeft UIInterfaceOrientationLandscapeRight";
				LD_RUNPATH_SEARCH_PATHS = (
					"$(inherited)",
					"@executable_path/Frameworks",
				);
				MARKETING_VERSION = 1.0;
				PRODUCT_BUNDLE_IDENTIFIER = com.niko.Destini;
				PRODUCT_NAME = "$(TARGET_NAME)";
				SWIFT_EMIT_LOC_STRINGS = YES;
				SWIFT_VERSION = 5.0;
				TARGETED_DEVICE_FAMILY = "1,2";
			};
			name = Debug;
		};
		FAE4C4D428DF6CA400AEE43F /* Release */ = {
			isa = XCBuildConfiguration;
			buildSettings = {
				ASSETCATALOG_COMPILER_APPICON_NAME = AppIcon;
				ASSETCATALOG_COMPILER_GLOBAL_ACCENT_COLOR_NAME = AccentColor;
				CODE_SIGN_STYLE = Automatic;
				CURRENT_PROJECT_VERSION = 1;
				DEVELOPMENT_TEAM = L93Y4T9MPM;
				GENERATE_INFOPLIST_FILE = YES;
				INFOPLIST_FILE = Destini/Info.plist;
				INFOPLIST_KEY_UIApplicationSupportsIndirectInputEvents = YES;
				INFOPLIST_KEY_UILaunchStoryboardName = LaunchScreen;
				INFOPLIST_KEY_UIMainStoryboardFile = Main;
				INFOPLIST_KEY_UISupportedInterfaceOrientations_iPad = "UIInterfaceOrientationPortrait UIInterfaceOrientationPortraitUpsideDown UIInterfaceOrientationLandscapeLeft UIInterfaceOrientationLandscapeRight";
				INFOPLIST_KEY_UISupportedInterfaceOrientations_iPhone = "UIInterfaceOrientationPortrait UIInterfaceOrientationLandscapeLeft UIInterfaceOrientationLandscapeRight";
				LD_RUNPATH_SEARCH_PATHS = (
					"$(inherited)",
					"@executable_path/Frameworks",
				);
				MARKETING_VERSION = 1.0;
				PRODUCT_BUNDLE_IDENTIFIER = com.niko.Destini;
				PRODUCT_NAME = "$(TARGET_NAME)";
				SWIFT_EMIT_LOC_STRINGS = YES;
				SWIFT_VERSION = 5.0;
				TARGETED_DEVICE_FAMILY = "1,2";
			};
			name = Release;
		};
/* End XCBuildConfiguration section */

/* Begin XCConfigurationList section */
		FAE4C4B928DF6CA100AEE43F /* Build configuration list for PBXProject "Destini" */ = {
			isa = XCConfigurationList;
			buildConfigurations = (
				FAE4C4D028DF6CA400AEE43F /* Debug */,
				FAE4C4D128DF6CA400AEE43F /* Release */,
			);
			defaultConfigurationIsVisible = 0;
			defaultConfigurationName = Release;
		};
		FAE4C4D228DF6CA400AEE43F /* Build configuration list for PBXNativeTarget "Destini" */ = {
			isa = XCConfigurationList;
			buildConfigurations = (
				FAE4C4D328DF6CA400AEE43F /* Debug */,
				FAE4C4D428DF6CA400AEE43F /* Release */,
			);
			defaultConfigurationIsVisible = 0;
			defaultConfigurationName = Release;
		};
/* End XCConfigurationList section */
	};
	rootObject = FAE4C4B628DF6CA100AEE43F /* Project object */;
}
